
Microsoft Visual Studio Solution File, Format Version 12.00
# Visual Studio Version 16
VisualStudioVersion = 16.0.30002.166
MinimumVisualStudioVersion = 10.0.40219.1
Project("{9A19103F-16F7-4668-BE54-9A1E7A4F7556}") = "CoronaStatsBot", "CoronaStatsBot.csproj", "{0853EE5D-80A7-4419-AE1D-0E8AE5635440}"
EndProject
Project("{FAE04EC0-301F-11D3-BF4B-00C04F79EFBC}") = "CoronaStatsBot.Tests", "..\CoronaStatsBot.Tests\CoronaStatsBot.Tests.csproj", "{0FF8D516-D2AB-4073-BAC0-9452EED93B4D}"
EndProject
Project("{FAE04EC0-301F-11D3-BF4B-00C04F79EFBC}") = "CoronaStatsBot.Data", "..\CoronaStatsBot.Data\CoronaStatsBot.Data.csproj", "{5930888E-0DC0-411B-9A5C-288A71F15EA3}"
EndProject
Global
	GlobalSection(SolutionConfigurationPlatforms) = preSolution
		Debug|Any CPU = Debug|Any CPU
		Release|Any CPU = Release|Any CPU
	EndGlobalSection
	GlobalSection(ProjectConfigurationPlatforms) = postSolution
		{0853EE5D-80A7-4419-AE1D-0E8AE5635440}.Debug|Any CPU.ActiveCfg = Debug|Any CPU
		{0853EE5D-80A7-4419-AE1D-0E8AE5635440}.Debug|Any CPU.Build.0 = Debug|Any CPU
		{0853EE5D-80A7-4419-AE1D-0E8AE5635440}.Release|Any CPU.ActiveCfg = Release|Any CPU
		{0853EE5D-80A7-4419-AE1D-0E8AE5635440}.Release|Any CPU.Build.0 = Release|Any CPU
		{0FF8D516-D2AB-4073-BAC0-9452EED93B4D}.Debug|Any CPU.ActiveCfg = Debug|Any CPU
		{0FF8D516-D2AB-4073-BAC0-9452EED93B4D}.Debug|Any CPU.Build.0 = Debug|Any CPU
		{0FF8D516-D2AB-4073-BAC0-9452EED93B4D}.Release|Any CPU.ActiveCfg = Release|Any CPU
		{0FF8D516-D2AB-4073-BAC0-9452EED93B4D}.Release|Any CPU.Build.0 = Release|Any CPU
		{5930888E-0DC0-411B-9A5C-288A71F15EA3}.Debug|Any CPU.ActiveCfg = Debug|Any CPU
		{5930888E-0DC0-411B-9A5C-288A71F15EA3}.Debug|Any CPU.Build.0 = Debug|Any CPU
		{5930888E-0DC0-411B-9A5C-288A71F15EA3}.Release|Any CPU.ActiveCfg = Release|Any CPU
		{5930888E-0DC0-411B-9A5C-288A71F15EA3}.Release|Any CPU.Build.0 = Release|Any CPU
	EndGlobalSection
	GlobalSection(SolutionProperties) = preSolution
		HideSolutionNode = FALSE
	EndGlobalSection
	GlobalSection(ExtensibilityGlobals) = postSolution
		SolutionGuid = {4B3A214A-E258-4B0D-BC05-3A210BE08693}
	EndGlobalSection
EndGlobal
